// !$*UTF8*$!
{
	archiveVersion = 1;
	classes = {
	};
	objectVersion = 46;
	objects = {

/* Begin PBXBuildFile section */
		986FF7341E9E6D9000C90D61 /* AppDelegate.swift in Sources */ = {isa = PBXBuildFile; fileRef = 986FF7331E9E6D9000C90D61 /* AppDelegate.swift */; };
		986FF7391E9E6D9000C90D61 /* Main.storyboard in Resources */ = {isa = PBXBuildFile; fileRef = 986FF7371E9E6D9000C90D61 /* Main.storyboard */; };
		986FF73B1E9E6D9000C90D61 /* Assets.xcassets in Resources */ = {isa = PBXBuildFile; fileRef = 986FF73A1E9E6D9000C90D61 /* Assets.xcassets */; };
		986FF73E1E9E6D9000C90D61 /* LaunchScreen.storyboard in Resources */ = {isa = PBXBuildFile; fileRef = 986FF73C1E9E6D9000C90D61 /* LaunchScreen.storyboard */; };
		986FF7491E9E6D9000C90D61 /* BabyfoonAppTests.swift in Sources */ = {isa = PBXBuildFile; fileRef = 986FF7481E9E6D9000C90D61 /* BabyfoonAppTests.swift */; };
		986FF7541E9E6D9000C90D61 /* BabyfoonAppUITests.swift in Sources */ = {isa = PBXBuildFile; fileRef = 986FF7531E9E6D9000C90D61 /* BabyfoonAppUITests.swift */; };
		986FF77B1E9E824900C90D61 /* FirstStartController.swift in Sources */ = {isa = PBXBuildFile; fileRef = 986FF7771E9E824900C90D61 /* FirstStartController.swift */; };
		986FF77C1E9E824900C90D61 /* FirstStartController.xib in Resources */ = {isa = PBXBuildFile; fileRef = 986FF7781E9E824900C90D61 /* FirstStartController.xib */; };
		986FF77D1E9E824900C90D61 /* PairingInfoController.swift in Sources */ = {isa = PBXBuildFile; fileRef = 986FF7791E9E824900C90D61 /* PairingInfoController.swift */; };
		986FF77E1E9E824900C90D61 /* PairingInfoController.xib in Resources */ = {isa = PBXBuildFile; fileRef = 986FF77A1E9E824900C90D61 /* PairingInfoController.xib */; };
/* End PBXBuildFile section */

/* Begin PBXContainerItemProxy section */
		986FF7451E9E6D9000C90D61 /* PBXContainerItemProxy */ = {
			isa = PBXContainerItemProxy;
			containerPortal = 986FF7281E9E6D9000C90D61 /* Project object */;
			proxyType = 1;
			remoteGlobalIDString = 986FF72F1E9E6D9000C90D61;
			remoteInfo = BabyfoonApp;
		};
		986FF7501E9E6D9000C90D61 /* PBXContainerItemProxy */ = {
			isa = PBXContainerItemProxy;
			containerPortal = 986FF7281E9E6D9000C90D61 /* Project object */;
			proxyType = 1;
			remoteGlobalIDString = 986FF72F1E9E6D9000C90D61;
			remoteInfo = BabyfoonApp;
		};
/* End PBXContainerItemProxy section */

/* Begin PBXFileReference section */
		986FF7301E9E6D9000C90D61 /* BabyfoonApp.app */ = {isa = PBXFileReference; explicitFileType = wrapper.application; includeInIndex = 0; path = BabyfoonApp.app; sourceTree = BUILT_PRODUCTS_DIR; };
		986FF7331E9E6D9000C90D61 /* AppDelegate.swift */ = {isa = PBXFileReference; lastKnownFileType = sourcecode.swift; path = AppDelegate.swift; sourceTree = "<group>"; };
		986FF7381E9E6D9000C90D61 /* Base */ = {isa = PBXFileReference; lastKnownFileType = file.storyboard; name = Base; path = Base.lproj/Main.storyboard; sourceTree = "<group>"; };
		986FF73A1E9E6D9000C90D61 /* Assets.xcassets */ = {isa = PBXFileReference; lastKnownFileType = folder.assetcatalog; path = Assets.xcassets; sourceTree = "<group>"; };
		986FF73D1E9E6D9000C90D61 /* Base */ = {isa = PBXFileReference; lastKnownFileType = file.storyboard; name = Base; path = Base.lproj/LaunchScreen.storyboard; sourceTree = "<group>"; };
		986FF73F1E9E6D9000C90D61 /* Info.plist */ = {isa = PBXFileReference; lastKnownFileType = text.plist.xml; path = Info.plist; sourceTree = "<group>"; };
		986FF7441E9E6D9000C90D61 /* BabyfoonAppTests.xctest */ = {isa = PBXFileReference; explicitFileType = wrapper.cfbundle; includeInIndex = 0; path = BabyfoonAppTests.xctest; sourceTree = BUILT_PRODUCTS_DIR; };
		986FF7481E9E6D9000C90D61 /* BabyfoonAppTests.swift */ = {isa = PBXFileReference; lastKnownFileType = sourcecode.swift; path = BabyfoonAppTests.swift; sourceTree = "<group>"; };
		986FF74A1E9E6D9000C90D61 /* Info.plist */ = {isa = PBXFileReference; lastKnownFileType = text.plist.xml; path = Info.plist; sourceTree = "<group>"; };
		986FF74F1E9E6D9000C90D61 /* BabyfoonAppUITests.xctest */ = {isa = PBXFileReference; explicitFileType = wrapper.cfbundle; includeInIndex = 0; path = BabyfoonAppUITests.xctest; sourceTree = BUILT_PRODUCTS_DIR; };
		986FF7531E9E6D9000C90D61 /* BabyfoonAppUITests.swift */ = {isa = PBXFileReference; lastKnownFileType = sourcecode.swift; path = BabyfoonAppUITests.swift; sourceTree = "<group>"; };
		986FF7551E9E6D9000C90D61 /* Info.plist */ = {isa = PBXFileReference; lastKnownFileType = text.plist.xml; path = Info.plist; sourceTree = "<group>"; };
		986FF7771E9E824900C90D61 /* FirstStartController.swift */ = {isa = PBXFileReference; fileEncoding = 4; lastKnownFileType = sourcecode.swift; path = FirstStartController.swift; sourceTree = "<group>"; };
		986FF7781E9E824900C90D61 /* FirstStartController.xib */ = {isa = PBXFileReference; fileEncoding = 4; lastKnownFileType = file.xib; path = FirstStartController.xib; sourceTree = "<group>"; };
		986FF7791E9E824900C90D61 /* PairingInfoController.swift */ = {isa = PBXFileReference; fileEncoding = 4; lastKnownFileType = sourcecode.swift; path = PairingInfoController.swift; sourceTree = "<group>"; };
		986FF77A1E9E824900C90D61 /* PairingInfoController.xib */ = {isa = PBXFileReference; fileEncoding = 4; lastKnownFileType = file.xib; path = PairingInfoController.xib; sourceTree = "<group>"; };
/* End PBXFileReference section */

/* Begin PBXFrameworksBuildPhase section */
		986FF72D1E9E6D9000C90D61 /* Frameworks */ = {
			isa = PBXFrameworksBuildPhase;
			buildActionMask = 2147483647;
			files = (
			);
			runOnlyForDeploymentPostprocessing = 0;
		};
		986FF7411E9E6D9000C90D61 /* Frameworks */ = {
			isa = PBXFrameworksBuildPhase;
			buildActionMask = 2147483647;
			files = (
			);
			runOnlyForDeploymentPostprocessing = 0;
		};
		986FF74C1E9E6D9000C90D61 /* Frameworks */ = {
			isa = PBXFrameworksBuildPhase;
			buildActionMask = 2147483647;
			files = (
			);
			runOnlyForDeploymentPostprocessing = 0;
		};
/* End PBXFrameworksBuildPhase section */

/* Begin PBXGroup section */
		986FF7271E9E6D9000C90D61 = {
			isa = PBXGroup;
			children = (
				986FF7321E9E6D9000C90D61 /* BabyfoonApp */,
				986FF7471E9E6D9000C90D61 /* BabyfoonAppTests */,
				986FF7521E9E6D9000C90D61 /* BabyfoonAppUITests */,
				986FF7311E9E6D9000C90D61 /* Products */,
			);
			sourceTree = "<group>";
		};
		986FF7311E9E6D9000C90D61 /* Products */ = {
			isa = PBXGroup;
			children = (
				986FF7301E9E6D9000C90D61 /* BabyfoonApp.app */,
				986FF7441E9E6D9000C90D61 /* BabyfoonAppTests.xctest */,
				986FF74F1E9E6D9000C90D61 /* BabyfoonAppUITests.xctest */,
			);
			name = Products;
			sourceTree = "<group>";
		};
		986FF7321E9E6D9000C90D61 /* BabyfoonApp */ = {
			isa = PBXGroup;
			children = (
				986FF7331E9E6D9000C90D61 /* AppDelegate.swift */,
				986FF7751E9E824900C90D61 /* Controllers */,
				986FF73A1E9E6D9000C90D61 /* Assets.xcassets */,
				986FF73C1E9E6D9000C90D61 /* LaunchScreen.storyboard */,
				986FF7371E9E6D9000C90D61 /* Main.storyboard */,
				986FF73F1E9E6D9000C90D61 /* Info.plist */,
			);
			path = BabyfoonApp;
			sourceTree = "<group>";
		};
		986FF7471E9E6D9000C90D61 /* BabyfoonAppTests */ = {
			isa = PBXGroup;
			children = (
				986FF7481E9E6D9000C90D61 /* BabyfoonAppTests.swift */,
				986FF74A1E9E6D9000C90D61 /* Info.plist */,
			);
			path = BabyfoonAppTests;
			sourceTree = "<group>";
		};
		986FF7521E9E6D9000C90D61 /* BabyfoonAppUITests */ = {
			isa = PBXGroup;
			children = (
				986FF7531E9E6D9000C90D61 /* BabyfoonAppUITests.swift */,
				986FF7551E9E6D9000C90D61 /* Info.plist */,
			);
			path = BabyfoonAppUITests;
			sourceTree = "<group>";
		};
		986FF7751E9E824900C90D61 /* Controllers */ = {
			isa = PBXGroup;
			children = (
				986FF7761E9E824900C90D61 /* Home - first open */,
			);
			path = Controllers;
			sourceTree = "<group>";
		};
		986FF7761E9E824900C90D61 /* Home - first open */ = {
			isa = PBXGroup;
			children = (
				986FF7771E9E824900C90D61 /* FirstStartController.swift */,
				986FF7781E9E824900C90D61 /* FirstStartController.xib */,
				986FF7791E9E824900C90D61 /* PairingInfoController.swift */,
				986FF77A1E9E824900C90D61 /* PairingInfoController.xib */,
			);
			path = "Home - first open";
			sourceTree = "<group>";
		};
/* End PBXGroup section */

/* Begin PBXNativeTarget section */
		986FF72F1E9E6D9000C90D61 /* BabyfoonApp */ = {
			isa = PBXNativeTarget;
			buildConfigurationList = 986FF7581E9E6D9000C90D61 /* Build configuration list for PBXNativeTarget "BabyfoonApp" */;
			buildPhases = (
				986FF72C1E9E6D9000C90D61 /* Sources */,
				986FF72D1E9E6D9000C90D61 /* Frameworks */,
				986FF72E1E9E6D9000C90D61 /* Resources */,
			);
			buildRules = (
			);
			dependencies = (
			);
			name = BabyfoonApp;
			productName = BabyfoonApp;
			productReference = 986FF7301E9E6D9000C90D61 /* BabyfoonApp.app */;
			productType = "com.apple.product-type.application";
		};
		986FF7431E9E6D9000C90D61 /* BabyfoonAppTests */ = {
			isa = PBXNativeTarget;
			buildConfigurationList = 986FF75B1E9E6D9000C90D61 /* Build configuration list for PBXNativeTarget "BabyfoonAppTests" */;
			buildPhases = (
				986FF7401E9E6D9000C90D61 /* Sources */,
				986FF7411E9E6D9000C90D61 /* Frameworks */,
				986FF7421E9E6D9000C90D61 /* Resources */,
			);
			buildRules = (
			);
			dependencies = (
				986FF7461E9E6D9000C90D61 /* PBXTargetDependency */,
			);
			name = BabyfoonAppTests;
			productName = BabyfoonAppTests;
			productReference = 986FF7441E9E6D9000C90D61 /* BabyfoonAppTests.xctest */;
			productType = "com.apple.product-type.bundle.unit-test";
		};
		986FF74E1E9E6D9000C90D61 /* BabyfoonAppUITests */ = {
			isa = PBXNativeTarget;
			buildConfigurationList = 986FF75E1E9E6D9000C90D61 /* Build configuration list for PBXNativeTarget "BabyfoonAppUITests" */;
			buildPhases = (
				986FF74B1E9E6D9000C90D61 /* Sources */,
				986FF74C1E9E6D9000C90D61 /* Frameworks */,
				986FF74D1E9E6D9000C90D61 /* Resources */,
			);
			buildRules = (
			);
			dependencies = (
				986FF7511E9E6D9000C90D61 /* PBXTargetDependency */,
			);
			name = BabyfoonAppUITests;
			productName = BabyfoonAppUITests;
			productReference = 986FF74F1E9E6D9000C90D61 /* BabyfoonAppUITests.xctest */;
			productType = "com.apple.product-type.bundle.ui-testing";
		};
/* End PBXNativeTarget section */

/* Begin PBXProject section */
		986FF7281E9E6D9000C90D61 /* Project object */ = {
			isa = PBXProject;
			attributes = {
				LastSwiftUpdateCheck = 0830;
				LastUpgradeCheck = 0830;
				ORGANIZATIONNAME = "Rosa Meijers";
				TargetAttributes = {
					986FF72F1E9E6D9000C90D61 = {
						CreatedOnToolsVersion = 8.3;
						DevelopmentTeam = 6GRYCLPWB8;
						ProvisioningStyle = Automatic;
					};
					986FF7431E9E6D9000C90D61 = {
						CreatedOnToolsVersion = 8.3;
						ProvisioningStyle = Automatic;
						TestTargetID = 986FF72F1E9E6D9000C90D61;
					};
					986FF74E1E9E6D9000C90D61 = {
						CreatedOnToolsVersion = 8.3;
						ProvisioningStyle = Automatic;
						TestTargetID = 986FF72F1E9E6D9000C90D61;
					};
				};
			};
			buildConfigurationList = 986FF72B1E9E6D9000C90D61 /* Build configuration list for PBXProject "BabyfoonApp" */;
			compatibilityVersion = "Xcode 3.2";
			developmentRegion = English;
			hasScannedForEncodings = 0;
			knownRegions = (
				en,
				Base,
			);
			mainGroup = 986FF7271E9E6D9000C90D61;
			productRefGroup = 986FF7311E9E6D9000C90D61 /* Products */;
			projectDirPath = "";
			projectRoot = "";
			targets = (
				986FF72F1E9E6D9000C90D61 /* BabyfoonApp */,
				986FF7431E9E6D9000C90D61 /* BabyfoonAppTests */,
				986FF74E1E9E6D9000C90D61 /* BabyfoonAppUITests */,
			);
		};
/* End PBXProject section */

/* Begin PBXResourcesBuildPhase section */
		986FF72E1E9E6D9000C90D61 /* Resources */ = {
			isa = PBXResourcesBuildPhase;
			buildActionMask = 2147483647;
			files = (
				986FF73E1E9E6D9000C90D61 /* LaunchScreen.storyboard in Resources */,
				986FF77C1E9E824900C90D61 /* FirstStartController.xib in Resources */,
				986FF73B1E9E6D9000C90D61 /* Assets.xcassets in Resources */,
				986FF7391E9E6D9000C90D61 /* Main.storyboard in Resources */,
				986FF77E1E9E824900C90D61 /* PairingInfoController.xib in Resources */,
			);
			runOnlyForDeploymentPostprocessing = 0;
		};
		986FF7421E9E6D9000C90D61 /* Resources */ = {
			isa = PBXResourcesBuildPhase;
			buildActionMask = 2147483647;
			files = (
			);
			runOnlyForDeploymentPostprocessing = 0;
		};
		986FF74D1E9E6D9000C90D61 /* Resources */ = {
			isa = PBXResourcesBuildPhase;
			buildActionMask = 2147483647;
			files = (
			);
			runOnlyForDeploymentPostprocessing = 0;
		};
/* End PBXResourcesBuildPhase section */

/* Begin PBXSourcesBuildPhase section */
		986FF72C1E9E6D9000C90D61 /* Sources */ = {
			isa = PBXSourcesBuildPhase;
			buildActionMask = 2147483647;
			files = (
				986FF77D1E9E824900C90D61 /* PairingInfoController.swift in Sources */,
				986FF7341E9E6D9000C90D61 /* AppDelegate.swift in Sources */,
				986FF77B1E9E824900C90D61 /* FirstStartController.swift in Sources */,
			);
			runOnlyForDeploymentPostprocessing = 0;
		};
		986FF7401E9E6D9000C90D61 /* Sources */ = {
			isa = PBXSourcesBuildPhase;
			buildActionMask = 2147483647;
			files = (
				986FF7491E9E6D9000C90D61 /* BabyfoonAppTests.swift in Sources */,
			);
			runOnlyForDeploymentPostprocessing = 0;
		};
		986FF74B1E9E6D9000C90D61 /* Sources */ = {
			isa = PBXSourcesBuildPhase;
			buildActionMask = 2147483647;
			files = (
				986FF7541E9E6D9000C90D61 /* BabyfoonAppUITests.swift in Sources */,
			);
			runOnlyForDeploymentPostprocessing = 0;
		};
/* End PBXSourcesBuildPhase section */

/* Begin PBXTargetDependency section */
		986FF7461E9E6D9000C90D61 /* PBXTargetDependency */ = {
			isa = PBXTargetDependency;
			target = 986FF72F1E9E6D9000C90D61 /* BabyfoonApp */;
			targetProxy = 986FF7451E9E6D9000C90D61 /* PBXContainerItemProxy */;
		};
		986FF7511E9E6D9000C90D61 /* PBXTargetDependency */ = {
			isa = PBXTargetDependency;
			target = 986FF72F1E9E6D9000C90D61 /* BabyfoonApp */;
			targetProxy = 986FF7501E9E6D9000C90D61 /* PBXContainerItemProxy */;
		};
/* End PBXTargetDependency section */

/* Begin PBXVariantGroup section */
		986FF7371E9E6D9000C90D61 /* Main.storyboard */ = {
			isa = PBXVariantGroup;
			children = (
				986FF7381E9E6D9000C90D61 /* Base */,
			);
			name = Main.storyboard;
			sourceTree = "<group>";
		};
		986FF73C1E9E6D9000C90D61 /* LaunchScreen.storyboard */ = {
			isa = PBXVariantGroup;
			children = (
				986FF73D1E9E6D9000C90D61 /* Base */,
			);
			name = LaunchScreen.storyboard;
			sourceTree = "<group>";
		};
/* End PBXVariantGroup section */

/* Begin XCBuildConfiguration section */
		986FF7561E9E6D9000C90D61 /* Debug */ = {
			isa = XCBuildConfiguration;
			buildSettings = {
				ALWAYS_SEARCH_USER_PATHS = NO;
				CLANG_ANALYZER_NONNULL = YES;
				CLANG_ANALYZER_NUMBER_OBJECT_CONVERSION = YES_AGGRESSIVE;
				CLANG_CXX_LANGUAGE_STANDARD = "gnu++0x";
				CLANG_CXX_LIBRARY = "libc++";
				CLANG_ENABLE_MODULES = YES;
				CLANG_ENABLE_OBJC_ARC = YES;
				CLANG_WARN_BOOL_CONVERSION = YES;
				CLANG_WARN_CONSTANT_CONVERSION = YES;
				CLANG_WARN_DIRECT_OBJC_ISA_USAGE = YES_ERROR;
				CLANG_WARN_DOCUMENTATION_COMMENTS = YES;
				CLANG_WARN_EMPTY_BODY = YES;
				CLANG_WARN_ENUM_CONVERSION = YES;
				CLANG_WARN_INFINITE_RECURSION = YES;
				CLANG_WARN_INT_CONVERSION = YES;
				CLANG_WARN_OBJC_ROOT_CLASS = YES_ERROR;
				CLANG_WARN_SUSPICIOUS_MOVE = YES;
				CLANG_WARN_UNREACHABLE_CODE = YES;
				CLANG_WARN__DUPLICATE_METHOD_MATCH = YES;
				"CODE_SIGN_IDENTITY[sdk=iphoneos*]" = "iPhone Developer";
				COPY_PHASE_STRIP = NO;
				DEBUG_INFORMATION_FORMAT = dwarf;
				ENABLE_STRICT_OBJC_MSGSEND = YES;
				ENABLE_TESTABILITY = YES;
				GCC_C_LANGUAGE_STANDARD = gnu99;
				GCC_DYNAMIC_NO_PIC = NO;
				GCC_NO_COMMON_BLOCKS = YES;
				GCC_OPTIMIZATION_LEVEL = 0;
				GCC_PREPROCESSOR_DEFINITIONS = (
					"DEBUG=1",
					"$(inherited)",
				);
				GCC_WARN_64_TO_32_BIT_CONVERSION = YES;
				GCC_WARN_ABOUT_RETURN_TYPE = YES_ERROR;
				GCC_WARN_UNDECLARED_SELECTOR = YES;
				GCC_WARN_UNINITIALIZED_AUTOS = YES_AGGRESSIVE;
				GCC_WARN_UNUSED_FUNCTION = YES;
				GCC_WARN_UNUSED_VARIABLE = YES;
				IPHONEOS_DEPLOYMENT_TARGET = 10.3;
				MTL_ENABLE_DEBUG_INFO = YES;
				ONLY_ACTIVE_ARCH = YES;
				SDKROOT = iphoneos;
				SWIFT_ACTIVE_COMPILATION_CONDITIONS = DEBUG;
				SWIFT_OPTIMIZATION_LEVEL = "-Onone";
				TARGETED_DEVICE_FAMILY = "1,2";
			};
			name = Debug;
		};
		986FF7571E9E6D9000C90D61 /* Release */ = {
			isa = XCBuildConfiguration;
			buildSettings = {
				ALWAYS_SEARCH_USER_PATHS = NO;
				CLANG_ANALYZER_NONNULL = YES;
				CLANG_ANALYZER_NUMBER_OBJECT_CONVERSION = YES_AGGRESSIVE;
				CLANG_CXX_LANGUAGE_STANDARD = "gnu++0x";
				CLANG_CXX_LIBRARY = "libc++";
				CLANG_ENABLE_MODULES = YES;
				CLANG_ENABLE_OBJC_ARC = YES;
				CLANG_WARN_BOOL_CONVERSION = YES;
				CLANG_WARN_CONSTANT_CONVERSION = YES;
				CLANG_WARN_DIRECT_OBJC_ISA_USAGE = YES_ERROR;
				CLANG_WARN_DOCUMENTATION_COMMENTS = YES;
				CLANG_WARN_EMPTY_BODY = YES;
				CLANG_WARN_ENUM_CONVERSION = YES;
				CLANG_WARN_INFINITE_RECURSION = YES;
				CLANG_WARN_INT_CONVERSION = YES;
				CLANG_WARN_OBJC_ROOT_CLASS = YES_ERROR;
				CLANG_WARN_SUSPICIOUS_MOVE = YES;
				CLANG_WARN_UNREACHABLE_CODE = YES;
				CLANG_WARN__DUPLICATE_METHOD_MATCH = YES;
				"CODE_SIGN_IDENTITY[sdk=iphoneos*]" = "iPhone Developer";
				COPY_PHASE_STRIP = NO;
				DEBUG_INFORMATION_FORMAT = "dwarf-with-dsym";
				ENABLE_NS_ASSERTIONS = NO;
				ENABLE_STRICT_OBJC_MSGSEND = YES;
				GCC_C_LANGUAGE_STANDARD = gnu99;
				GCC_NO_COMMON_BLOCKS = YES;
				GCC_WARN_64_TO_32_BIT_CONVERSION = YES;
				GCC_WARN_ABOUT_RETURN_TYPE = YES_ERROR;
				GCC_WARN_UNDECLARED_SELECTOR = YES;
				GCC_WARN_UNINITIALIZED_AUTOS = YES_AGGRESSIVE;
				GCC_WARN_UNUSED_FUNCTION = YES;
				GCC_WARN_UNUSED_VARIABLE = YES;
				IPHONEOS_DEPLOYMENT_TARGET = 10.3;
				MTL_ENABLE_DEBUG_INFO = NO;
				SDKROOT = iphoneos;
				SWIFT_OPTIMIZATION_LEVEL = "-Owholemodule";
				TARGETED_DEVICE_FAMILY = "1,2";
				VALIDATE_PRODUCT = YES;
			};
			name = Release;
		};
		986FF7591E9E6D9000C90D61 /* Debug */ = {
			isa = XCBuildConfiguration;
			buildSettings = {
				ASSETCATALOG_COMPILER_APPICON_NAME = AppIcon;
				DEVELOPMENT_TEAM = 6GRYCLPWB8;
				INFOPLIST_FILE = BabyfoonApp/Info.plist;
				LD_RUNPATH_SEARCH_PATHS = "$(inherited) @executable_path/Frameworks";
				PRODUCT_BUNDLE_IDENTIFIER = rosameijers.BabyfoonApp;
				PRODUCT_NAME = "$(TARGET_NAME)";
				SWIFT_VERSION = 3.0;
			};
			name = Debug;
		};
		986FF75A1E9E6D9000C90D61 /* Release */ = {
			isa = XCBuildConfiguration;
			buildSettings = {
				ASSETCATALOG_COMPILER_APPICON_NAME = AppIcon;
				DEVELOPMENT_TEAM = 6GRYCLPWB8;
				INFOPLIST_FILE = BabyfoonApp/Info.plist;
				LD_RUNPATH_SEARCH_PATHS = "$(inherited) @executable_path/Frameworks";
				PRODUCT_BUNDLE_IDENTIFIER = rosameijers.BabyfoonApp;
				PRODUCT_NAME = "$(TARGET_NAME)";
				SWIFT_VERSION = 3.0;
			};
			name = Release;
		};
		986FF75C1E9E6D9000C90D61 /* Debug */ = {
			isa = XCBuildConfiguration;
			buildSettings = {
				ALWAYS_EMBED_SWIFT_STANDARD_LIBRARIES = YES;
				BUNDLE_LOADER = "$(TEST_HOST)";
				INFOPLIST_FILE = BabyfoonAppTests/Info.plist;
				LD_RUNPATH_SEARCH_PATHS = "$(inherited) @executable_path/Frameworks @loader_path/Frameworks";
				PRODUCT_BUNDLE_IDENTIFIER = rosameijers.BabyfoonAppTests;
				PRODUCT_NAME = "$(TARGET_NAME)";
				SWIFT_VERSION = 3.0;
				TEST_HOST = "$(BUILT_PRODUCTS_DIR)/BabyfoonApp.app/BabyfoonApp";
			};
			name = Debug;
		};
		986FF75D1E9E6D9000C90D61 /* Release */ = {
			isa = XCBuildConfiguration;
			buildSettings = {
				ALWAYS_EMBED_SWIFT_STANDARD_LIBRARIES = YES;
				BUNDLE_LOADER = "$(TEST_HOST)";
				INFOPLIST_FILE = BabyfoonAppTests/Info.plist;
				LD_RUNPATH_SEARCH_PATHS = "$(inherited) @executable_path/Frameworks @loader_path/Frameworks";
				PRODUCT_BUNDLE_IDENTIFIER = rosameijers.BabyfoonAppTests;
				PRODUCT_NAME = "$(TARGET_NAME)";
				SWIFT_VERSION = 3.0;
				TEST_HOST = "$(BUILT_PRODUCTS_DIR)/BabyfoonApp.app/BabyfoonApp";
			};
			name = Release;
		};
		986FF75F1E9E6D9000C90D61 /* Debug */ = {
			isa = XCBuildConfiguration;
			buildSettings = {
				ALWAYS_EMBED_SWIFT_STANDARD_LIBRARIES = YES;
				INFOPLIST_FILE = BabyfoonAppUITests/Info.plist;
				LD_RUNPATH_SEARCH_PATHS = "$(inherited) @executable_path/Frameworks @loader_path/Frameworks";
				PRODUCT_BUNDLE_IDENTIFIER = rosameijers.BabyfoonAppUITests;
				PRODUCT_NAME = "$(TARGET_NAME)";
				SWIFT_VERSION = 3.0;
				TEST_TARGET_NAME = BabyfoonApp;
			};
			name = Debug;
		};
		986FF7601E9E6D9000C90D61 /* Release */ = {
			isa = XCBuildConfiguration;
			buildSettings = {
				ALWAYS_EMBED_SWIFT_STANDARD_LIBRARIES = YES;
				INFOPLIST_FILE = BabyfoonAppUITests/Info.plist;
				LD_RUNPATH_SEARCH_PATHS = "$(inherited) @executable_path/Frameworks @loader_path/Frameworks";
				PRODUCT_BUNDLE_IDENTIFIER = rosameijers.BabyfoonAppUITests;
				PRODUCT_NAME = "$(TARGET_NAME)";
				SWIFT_VERSION = 3.0;
				TEST_TARGET_NAME = BabyfoonApp;
			};
			name = Release;
		};
/* End XCBuildConfiguration section */

/* Begin XCConfigurationList section */
		986FF72B1E9E6D9000C90D61 /* Build configuration list for PBXProject "BabyfoonApp" */ = {
			isa = XCConfigurationList;
			buildConfigurations = (
				986FF7561E9E6D9000C90D61 /* Debug */,
				986FF7571E9E6D9000C90D61 /* Release */,
			);
			defaultConfigurationIsVisible = 0;
			defaultConfigurationName = Release;
		};
		986FF7581E9E6D9000C90D61 /* Build configuration list for PBXNativeTarget "BabyfoonApp" */ = {
			isa = XCConfigurationList;
			buildConfigurations = (
				986FF7591E9E6D9000C90D61 /* Debug */,
				986FF75A1E9E6D9000C90D61 /* Release */,
			);
			defaultConfigurationIsVisible = 0;
		};
		986FF75B1E9E6D9000C90D61 /* Build configuration list for PBXNativeTarget "BabyfoonAppTests" */ = {
			isa = XCConfigurationList;
			buildConfigurations = (
				986FF75C1E9E6D9000C90D61 /* Debug */,
				986FF75D1E9E6D9000C90D61 /* Release */,
			);
			defaultConfigurationIsVisible = 0;
		};
		986FF75E1E9E6D9000C90D61 /* Build configuration list for PBXNativeTarget "BabyfoonAppUITests" */ = {
			isa = XCConfigurationList;
			buildConfigurations = (
				986FF75F1E9E6D9000C90D61 /* Debug */,
				986FF7601E9E6D9000C90D61 /* Release */,
			);
			defaultConfigurationIsVisible = 0;
		};
/* End XCConfigurationList section */
	};
	rootObject = 986FF7281E9E6D9000C90D61 /* Project object */;
}
